
Microsoft Visual Studio Solution File, Format Version 12.00
# Visual Studio Version 16
VisualStudioVersion = 16.0.31729.503
MinimumVisualStudioVersion = 10.0.40219.1
Project("{9A19103F-16F7-4668-BE54-9A1E7A4F7556}") = "Assignment 1", "Assignment 1\Assignment 1.csproj", "{4DEAAC47-99B7-4590-98C2-CD73D98A8A70}"
EndProject
Project("{9A19103F-16F7-4668-BE54-9A1E7A4F7556}") = "Assignment 2", "Assignment 2\Assignment 2.csproj", "{A6E35659-7235-4B3C-A95D-7AA3B6BCEC91}"
EndProject
Global
	GlobalSection(SolutionConfigurationPlatforms) = preSolution
		Debug|Any CPU = Debug|Any CPU
		Release|Any CPU = Release|Any CPU
	EndGlobalSection
	GlobalSection(ProjectConfigurationPlatforms) = postSolution
		{4DEAAC47-99B7-4590-98C2-CD73D98A8A70}.Debug|Any CPU.ActiveCfg = Debug|Any CPU
		{4DEAAC47-99B7-4590-98C2-CD73D98A8A70}.Debug|Any CPU.Build.0 = Debug|Any CPU
		{4DEAAC47-99B7-4590-98C2-CD73D98A8A70}.Release|Any CPU.ActiveCfg = Release|Any CPU
		{4DEAAC47-99B7-4590-98C2-CD73D98A8A70}.Release|Any CPU.Build.0 = Release|Any CPU
		{A6E35659-7235-4B3C-A95D-7AA3B6BCEC91}.Debug|Any CPU.ActiveCfg = Debug|Any CPU
		{A6E35659-7235-4B3C-A95D-7AA3B6BCEC91}.Debug|Any CPU.Build.0 = Debug|Any CPU
		{A6E35659-7235-4B3C-A95D-7AA3B6BCEC91}.Release|Any CPU.ActiveCfg = Release|Any CPU
		{A6E35659-7235-4B3C-A95D-7AA3B6BCEC91}.Release|Any CPU.Build.0 = Release|Any CPU
	EndGlobalSection
	GlobalSection(SolutionProperties) = preSolution
		HideSolutionNode = FALSE
	EndGlobalSection
	GlobalSection(ExtensibilityGlobals) = postSolution
		SolutionGuid = {8ADA90A9-B373-4A71-9356-74EEFF6B0073}
	EndGlobalSection
EndGlobal
